
Microsoft Visual Studio Solution File, Format Version 12.00
# Visual Studio Version 16
VisualStudioVersion = 16.0.31702.278
MinimumVisualStudioVersion = 10.0.40219.1
Project("{FAE04EC0-301F-11D3-BF4B-00C04F79EFBC}") = "RegistarationForm1", "RegistarationForm1.csproj", "{96E59838-1A11-4C04-8532-068290B3B696}"
EndProject
Project("{FAE04EC0-301F-11D3-BF4B-00C04F79EFBC}") = "BusinessAccess", "..\BusinessAccess\BusinessAccess.csproj", "{7394EFFE-D0DD-42C7-98DC-9FB35EB1C9D8}"
EndProject
Project("{FAE04EC0-301F-11D3-BF4B-00C04F79EFBC}") = "DataAccess", "..\DataAccess\DataAccess.csproj", "{153B03B4-FB9D-44D5-9009-5B973AAB06D9}"
EndProject
Project("{FAE04EC0-301F-11D3-BF4B-00C04F79EFBC}") = "BusinessObject", "..\BusinessObject\BusinessObject.csproj", "{61CA4EB7-B093-4600-B57D-CCAFA1071A5A}"
EndProject
Project("{FAE04EC0-301F-11D3-BF4B-00C04F79EFBC}") = "Common", "..\Common\Common.csproj", "{03D569B3-E0F3-47F9-B7FF-2BAC1E57E849}"
EndProject
Global
	GlobalSection(SolutionConfigurationPlatforms) = preSolution
		Debug|Any CPU = Debug|Any CPU
		Release|Any CPU = Release|Any CPU
	EndGlobalSection
	GlobalSection(ProjectConfigurationPlatforms) = postSolution
		{96E59838-1A11-4C04-8532-068290B3B696}.Debug|Any CPU.ActiveCfg = Debug|Any CPU
		{96E59838-1A11-4C04-8532-068290B3B696}.Debug|Any CPU.Build.0 = Debug|Any CPU
		{96E59838-1A11-4C04-8532-068290B3B696}.Release|Any CPU.ActiveCfg = Release|Any CPU
		{96E59838-1A11-4C04-8532-068290B3B696}.Release|Any CPU.Build.0 = Release|Any CPU
		{7394EFFE-D0DD-42C7-98DC-9FB35EB1C9D8}.Debug|Any CPU.ActiveCfg = Debug|Any CPU
		{7394EFFE-D0DD-42C7-98DC-9FB35EB1C9D8}.Debug|Any CPU.Build.0 = Debug|Any CPU
		{7394EFFE-D0DD-42C7-98DC-9FB35EB1C9D8}.Release|Any CPU.ActiveCfg = Release|Any CPU
		{7394EFFE-D0DD-42C7-98DC-9FB35EB1C9D8}.Release|Any CPU.Build.0 = Release|Any CPU
		{153B03B4-FB9D-44D5-9009-5B973AAB06D9}.Debug|Any CPU.ActiveCfg = Debug|Any CPU
		{153B03B4-FB9D-44D5-9009-5B973AAB06D9}.Debug|Any CPU.Build.0 = Debug|Any CPU
		{153B03B4-FB9D-44D5-9009-5B973AAB06D9}.Release|Any CPU.ActiveCfg = Release|Any CPU
		{153B03B4-FB9D-44D5-9009-5B973AAB06D9}.Release|Any CPU.Build.0 = Release|Any CPU
		{61CA4EB7-B093-4600-B57D-CCAFA1071A5A}.Debug|Any CPU.ActiveCfg = Debug|Any CPU
		{61CA4EB7-B093-4600-B57D-CCAFA1071A5A}.Debug|Any CPU.Build.0 = Debug|Any CPU
		{61CA4EB7-B093-4600-B57D-CCAFA1071A5A}.Release|Any CPU.ActiveCfg = Release|Any CPU
		{61CA4EB7-B093-4600-B57D-CCAFA1071A5A}.Release|Any CPU.Build.0 = Release|Any CPU
		{03D569B3-E0F3-47F9-B7FF-2BAC1E57E849}.Debug|Any CPU.ActiveCfg = Debug|Any CPU
		{03D569B3-E0F3-47F9-B7FF-2BAC1E57E849}.Debug|Any CPU.Build.0 = Debug|Any CPU
		{03D569B3-E0F3-47F9-B7FF-2BAC1E57E849}.Release|Any CPU.ActiveCfg = Release|Any CPU
		{03D569B3-E0F3-47F9-B7FF-2BAC1E57E849}.Release|Any CPU.Build.0 = Release|Any CPU
	EndGlobalSection
	GlobalSection(SolutionProperties) = preSolution
		HideSolutionNode = FALSE
	EndGlobalSection
	GlobalSection(ExtensibilityGlobals) = postSolution
		SolutionGuid = {7870250D-0736-4104-9748-3C20A927E12C}
	EndGlobalSection
EndGlobal
